// !$*UTF8*$!
{
	archiveVersion = 1;
	classes = {
	};
	objectVersion = 77;
	objects = {

/* Begin PBXContainerItemProxy section */
		D88B800B2D92041000FCBADA /* PBXContainerItemProxy */ = {
			isa = PBXContainerItemProxy;
			containerPortal = D88B7FF22D92040F00FCBADA /* Project object */;
			proxyType = 1;
			remoteGlobalIDString = D88B7FF92D92040F00FCBADA;
			remoteInfo = CSE335Project;
		};
		D88B80152D92041000FCBADA /* PBXContainerItemProxy */ = {
			isa = PBXContainerItemProxy;
			containerPortal = D88B7FF22D92040F00FCBADA /* Project object */;
			proxyType = 1;
			remoteGlobalIDString = D88B7FF92D92040F00FCBADA;
			remoteInfo = CSE335Project;
		};
/* End PBXContainerItemProxy section */

/* Begin PBXFileReference section */
		D88B7FFA2D92040F00FCBADA /* CSE335Project.app */ = {isa = PBXFileReference; explicitFileType = wrapper.application; includeInIndex = 0; path = CSE335Project.app; sourceTree = BUILT_PRODUCTS_DIR; };
		D88B800A2D92041000FCBADA /* CSE335ProjectTests.xctest */ = {isa = PBXFileReference; explicitFileType = wrapper.cfbundle; includeInIndex = 0; path = CSE335ProjectTests.xctest; sourceTree = BUILT_PRODUCTS_DIR; };
		D88B80142D92041000FCBADA /* CSE335ProjectUITests.xctest */ = {isa = PBXFileReference; explicitFileType = wrapper.cfbundle; includeInIndex = 0; path = CSE335ProjectUITests.xctest; sourceTree = BUILT_PRODUCTS_DIR; };
/* End PBXFileReference section */

/* Begin PBXFileSystemSynchronizedRootGroup section */
		D88B7FFC2D92040F00FCBADA /* CSE335Project */ = {
			isa = PBXFileSystemSynchronizedRootGroup;
			path = CSE335Project;
			sourceTree = "<group>";
		};
		D88B800D2D92041000FCBADA /* CSE335ProjectTests */ = {
			isa = PBXFileSystemSynchronizedRootGroup;
			path = CSE335ProjectTests;
			sourceTree = "<group>";
		};
		D88B80172D92041000FCBADA /* CSE335ProjectUITests */ = {
			isa = PBXFileSystemSynchronizedRootGroup;
			path = CSE335ProjectUITests;
			sourceTree = "<group>";
		};
/* End PBXFileSystemSynchronizedRootGroup section */

/* Begin PBXFrameworksBuildPhase section */
		D88B7FF72D92040F00FCBADA /* Frameworks */ = {
			isa = PBXFrameworksBuildPhase;
			buildActionMask = 2147483647;
			files = (
			);
			runOnlyForDeploymentPostprocessing = 0;
		};
		D88B80072D92041000FCBADA /* Frameworks */ = {
			isa = PBXFrameworksBuildPhase;
			buildActionMask = 2147483647;
			files = (
			);
			runOnlyForDeploymentPostprocessing = 0;
		};
		D88B80112D92041000FCBADA /* Frameworks */ = {
			isa = PBXFrameworksBuildPhase;
			buildActionMask = 2147483647;
			files = (
			);
			runOnlyForDeploymentPostprocessing = 0;
		};
/* End PBXFrameworksBuildPhase section */

/* Begin PBXGroup section */
		D88B7FF12D92040F00FCBADA = {
			isa = PBXGroup;
			children = (
				D88B7FFC2D92040F00FCBADA /* CSE335Project */,
				D88B800D2D92041000FCBADA /* CSE335ProjectTests */,
				D88B80172D92041000FCBADA /* CSE335ProjectUITests */,
				D88B7FFB2D92040F00FCBADA /* Products */,
			);
			sourceTree = "<group>";
		};
		D88B7FFB2D92040F00FCBADA /* Products */ = {
			isa = PBXGroup;
			children = (
				D88B7FFA2D92040F00FCBADA /* CSE335Project.app */,
				D88B800A2D92041000FCBADA /* CSE335ProjectTests.xctest */,
				D88B80142D92041000FCBADA /* CSE335ProjectUITests.xctest */,
			);
			name = Products;
			sourceTree = "<group>";
		};
/* End PBXGroup section */

/* Begin PBXNativeTarget section */
		D88B7FF92D92040F00FCBADA /* CSE335Project */ = {
			isa = PBXNativeTarget;
			buildConfigurationList = D88B801E2D92041000FCBADA /* Build configuration list for PBXNativeTarget "CSE335Project" */;
			buildPhases = (
				D88B7FF62D92040F00FCBADA /* Sources */,
				D88B7FF72D92040F00FCBADA /* Frameworks */,
				D88B7FF82D92040F00FCBADA /* Resources */,
			);
			buildRules = (
			);
			dependencies = (
			);
			fileSystemSynchronizedGroups = (
				D88B7FFC2D92040F00FCBADA /* CSE335Project */,
			);
			name = CSE335Project;
			packageProductDependencies = (
			);
			productName = CSE335Project;
			productReference = D88B7FFA2D92040F00FCBADA /* CSE335Project.app */;
			productType = "com.apple.product-type.application";
		};
		D88B80092D92041000FCBADA /* CSE335ProjectTests */ = {
			isa = PBXNativeTarget;
			buildConfigurationList = D88B80212D92041000FCBADA /* Build configuration list for PBXNativeTarget "CSE335ProjectTests" */;
			buildPhases = (
				D88B80062D92041000FCBADA /* Sources */,
				D88B80072D92041000FCBADA /* Frameworks */,
				D88B80082D92041000FCBADA /* Resources */,
			);
			buildRules = (
			);
			dependencies = (
				D88B800C2D92041000FCBADA /* PBXTargetDependency */,
			);
			fileSystemSynchronizedGroups = (
				D88B800D2D92041000FCBADA /* CSE335ProjectTests */,
			);
			name = CSE335ProjectTests;
			packageProductDependencies = (
			);
			productName = CSE335ProjectTests;
			productReference = D88B800A2D92041000FCBADA /* CSE335ProjectTests.xctest */;
			productType = "com.apple.product-type.bundle.unit-test";
		};
		D88B80132D92041000FCBADA /* CSE335ProjectUITests */ = {
			isa = PBXNativeTarget;
			buildConfigurationList = D88B80242D92041000FCBADA /* Build configuration list for PBXNativeTarget "CSE335ProjectUITests" */;
			buildPhases = (
				D88B80102D92041000FCBADA /* Sources */,
				D88B80112D92041000FCBADA /* Frameworks */,
				D88B80122D92041000FCBADA /* Resources */,
			);
			buildRules = (
			);
			dependencies = (
				D88B80162D92041000FCBADA /* PBXTargetDependency */,
			);
			fileSystemSynchronizedGroups = (
				D88B80172D92041000FCBADA /* CSE335ProjectUITests */,
			);
			name = CSE335ProjectUITests;
			packageProductDependencies = (
			);
			productName = CSE335ProjectUITests;
			productReference = D88B80142D92041000FCBADA /* CSE335ProjectUITests.xctest */;
			productType = "com.apple.product-type.bundle.ui-testing";
		};
/* End PBXNativeTarget section */

/* Begin PBXProject section */
		D88B7FF22D92040F00FCBADA /* Project object */ = {
			isa = PBXProject;
			attributes = {
				BuildIndependentTargetsInParallel = 1;
				LastSwiftUpdateCheck = 1620;
				LastUpgradeCheck = 1620;
				TargetAttributes = {
					D88B7FF92D92040F00FCBADA = {
						CreatedOnToolsVersion = 16.2;
					};
					D88B80092D92041000FCBADA = {
						CreatedOnToolsVersion = 16.2;
						TestTargetID = D88B7FF92D92040F00FCBADA;
					};
					D88B80132D92041000FCBADA = {
						CreatedOnToolsVersion = 16.2;
						TestTargetID = D88B7FF92D92040F00FCBADA;
					};
				};
			};
			buildConfigurationList = D88B7FF52D92040F00FCBADA /* Build configuration list for PBXProject "CSE335Project" */;
			developmentRegion = en;
			hasScannedForEncodings = 0;
			knownRegions = (
				en,
				Base,
			);
			mainGroup = D88B7FF12D92040F00FCBADA;
			minimizedProjectReferenceProxies = 1;
			preferredProjectObjectVersion = 77;
			productRefGroup = D88B7FFB2D92040F00FCBADA /* Products */;
			projectDirPath = "";
			projectRoot = "";
			targets = (
				D88B7FF92D92040F00FCBADA /* CSE335Project */,
				D88B80092D92041000FCBADA /* CSE335ProjectTests */,
				D88B80132D92041000FCBADA /* CSE335ProjectUITests */,
			);
		};
/* End PBXProject section */

/* Begin PBXResourcesBuildPhase section */
		D88B7FF82D92040F00FCBADA /* Resources */ = {
			isa = PBXResourcesBuildPhase;
			buildActionMask = 2147483647;
			files = (
			);
			runOnlyForDeploymentPostprocessing = 0;
		};
		D88B80082D92041000FCBADA /* Resources */ = {
			isa = PBXResourcesBuildPhase;
			buildActionMask = 2147483647;
			files = (
			);
			runOnlyForDeploymentPostprocessing = 0;
		};
		D88B80122D92041000FCBADA /* Resources */ = {
			isa = PBXResourcesBuildPhase;
			buildActionMask = 2147483647;
			files = (
			);
			runOnlyForDeploymentPostprocessing = 0;
		};
/* End PBXResourcesBuildPhase section */

/* Begin PBXSourcesBuildPhase section */
		D88B7FF62D92040F00FCBADA /* Sources */ = {
			isa = PBXSourcesBuildPhase;
			buildActionMask = 2147483647;
			files = (
			);
			runOnlyForDeploymentPostprocessing = 0;
		};
		D88B80062D92041000FCBADA /* Sources */ = {
			isa = PBXSourcesBuildPhase;
			buildActionMask = 2147483647;
			files = (
			);
			runOnlyForDeploymentPostprocessing = 0;
		};
		D88B80102D92041000FCBADA /* Sources */ = {
			isa = PBXSourcesBuildPhase;
			buildActionMask = 2147483647;
			files = (
			);
			runOnlyForDeploymentPostprocessing = 0;
		};
/* End PBXSourcesBuildPhase section */

/* Begin PBXTargetDependency section */
		D88B800C2D92041000FCBADA /* PBXTargetDependency */ = {
			isa = PBXTargetDependency;
			target = D88B7FF92D92040F00FCBADA /* CSE335Project */;
			targetProxy = D88B800B2D92041000FCBADA /* PBXContainerItemProxy */;
		};
		D88B80162D92041000FCBADA /* PBXTargetDependency */ = {
			isa = PBXTargetDependency;
			target = D88B7FF92D92040F00FCBADA /* CSE335Project */;
			targetProxy = D88B80152D92041000FCBADA /* PBXContainerItemProxy */;
		};
/* End PBXTargetDependency section */

/* Begin XCBuildConfiguration section */
		D88B801C2D92041000FCBADA /* Debug */ = {
			isa = XCBuildConfiguration;
			buildSettings = {
				ALWAYS_SEARCH_USER_PATHS = NO;
				ASSETCATALOG_COMPILER_GENERATE_SWIFT_ASSET_SYMBOL_EXTENSIONS = YES;
				CLANG_ANALYZER_NONNULL = YES;
				CLANG_ANALYZER_NUMBER_OBJECT_CONVERSION = YES_AGGRESSIVE;
				CLANG_CXX_LANGUAGE_STANDARD = "gnu++20";
				CLANG_ENABLE_MODULES = YES;
				CLANG_ENABLE_OBJC_ARC = YES;
				CLANG_ENABLE_OBJC_WEAK = YES;
				CLANG_WARN_BLOCK_CAPTURE_AUTORELEASING = YES;
				CLANG_WARN_BOOL_CONVERSION = YES;
				CLANG_WARN_COMMA = YES;
				CLANG_WARN_CONSTANT_CONVERSION = YES;
				CLANG_WARN_DEPRECATED_OBJC_IMPLEMENTATIONS = YES;
				CLANG_WARN_DIRECT_OBJC_ISA_USAGE = YES_ERROR;
				CLANG_WARN_DOCUMENTATION_COMMENTS = YES;
				CLANG_WARN_EMPTY_BODY = YES;
				CLANG_WARN_ENUM_CONVERSION = YES;
				CLANG_WARN_INFINITE_RECURSION = YES;
				CLANG_WARN_INT_CONVERSION = YES;
				CLANG_WARN_NON_LITERAL_NULL_CONVERSION = YES;
				CLANG_WARN_OBJC_IMPLICIT_RETAIN_SELF = YES;
				CLANG_WARN_OBJC_LITERAL_CONVERSION = YES;
				CLANG_WARN_OBJC_ROOT_CLASS = YES_ERROR;
				CLANG_WARN_QUOTED_INCLUDE_IN_FRAMEWORK_HEADER = YES;
				CLANG_WARN_RANGE_LOOP_ANALYSIS = YES;
				CLANG_WARN_STRICT_PROTOTYPES = YES;
				CLANG_WARN_SUSPICIOUS_MOVE = YES;
				CLANG_WARN_UNGUARDED_AVAILABILITY = YES_AGGRESSIVE;
				CLANG_WARN_UNREACHABLE_CODE = YES;
				CLANG_WARN__DUPLICATE_METHOD_MATCH = YES;
				COPY_PHASE_STRIP = NO;
				DEBUG_INFORMATION_FORMAT = dwarf;
				ENABLE_STRICT_OBJC_MSGSEND = YES;
				ENABLE_TESTABILITY = YES;
				ENABLE_USER_SCRIPT_SANDBOXING = YES;
				GCC_C_LANGUAGE_STANDARD = gnu17;
				GCC_DYNAMIC_NO_PIC = NO;
				GCC_NO_COMMON_BLOCKS = YES;
				GCC_OPTIMIZATION_LEVEL = 0;
				GCC_PREPROCESSOR_DEFINITIONS = (
					"DEBUG=1",
					"$(inherited)",
				);
				GCC_WARN_64_TO_32_BIT_CONVERSION = YES;
				GCC_WARN_ABOUT_RETURN_TYPE = YES_ERROR;
				GCC_WARN_UNDECLARED_SELECTOR = YES;
				GCC_WARN_UNINITIALIZED_AUTOS = YES_AGGRESSIVE;
				GCC_WARN_UNUSED_FUNCTION = YES;
				GCC_WARN_UNUSED_VARIABLE = YES;
				IPHONEOS_DEPLOYMENT_TARGET = 18.2;
				LOCALIZATION_PREFERS_STRING_CATALOGS = YES;
				MTL_ENABLE_DEBUG_INFO = INCLUDE_SOURCE;
				MTL_FAST_MATH = YES;
				ONLY_ACTIVE_ARCH = YES;
				SDKROOT = iphoneos;
				SWIFT_ACTIVE_COMPILATION_CONDITIONS = "DEBUG $(inherited)";
				SWIFT_OPTIMIZATION_LEVEL = "-Onone";
			};
			name = Debug;
		};
		D88B801D2D92041000FCBADA /* Release */ = {
			isa = XCBuildConfiguration;
			buildSettings = {
				ALWAYS_SEARCH_USER_PATHS = NO;
				ASSETCATALOG_COMPILER_GENERATE_SWIFT_ASSET_SYMBOL_EXTENSIONS = YES;
				CLANG_ANALYZER_NONNULL = YES;
				CLANG_ANALYZER_NUMBER_OBJECT_CONVERSION = YES_AGGRESSIVE;
				CLANG_CXX_LANGUAGE_STANDARD = "gnu++20";
				CLANG_ENABLE_MODULES = YES;
				CLANG_ENABLE_OBJC_ARC = YES;
				CLANG_ENABLE_OBJC_WEAK = YES;
				CLANG_WARN_BLOCK_CAPTURE_AUTORELEASING = YES;
				CLANG_WARN_BOOL_CONVERSION = YES;
				CLANG_WARN_COMMA = YES;
				CLANG_WARN_CONSTANT_CONVERSION = YES;
				CLANG_WARN_DEPRECATED_OBJC_IMPLEMENTATIONS = YES;
				CLANG_WARN_DIRECT_OBJC_ISA_USAGE = YES_ERROR;
				CLANG_WARN_DOCUMENTATION_COMMENTS = YES;
				CLANG_WARN_EMPTY_BODY = YES;
				CLANG_WARN_ENUM_CONVERSION = YES;
				CLANG_WARN_INFINITE_RECURSION = YES;
				CLANG_WARN_INT_CONVERSION = YES;
				CLANG_WARN_NON_LITERAL_NULL_CONVERSION = YES;
				CLANG_WARN_OBJC_IMPLICIT_RETAIN_SELF = YES;
				CLANG_WARN_OBJC_LITERAL_CONVERSION = YES;
				CLANG_WARN_OBJC_ROOT_CLASS = YES_ERROR;
				CLANG_WARN_QUOTED_INCLUDE_IN_FRAMEWORK_HEADER = YES;
				CLANG_WARN_RANGE_LOOP_ANALYSIS = YES;
				CLANG_WARN_STRICT_PROTOTYPES = YES;
				CLANG_WARN_SUSPICIOUS_MOVE = YES;
				CLANG_WARN_UNGUARDED_AVAILABILITY = YES_AGGRESSIVE;
				CLANG_WARN_UNREACHABLE_CODE = YES;
				CLANG_WARN__DUPLICATE_METHOD_MATCH = YES;
				COPY_PHASE_STRIP = NO;
				DEBUG_INFORMATION_FORMAT = "dwarf-with-dsym";
				ENABLE_NS_ASSERTIONS = NO;
				ENABLE_STRICT_OBJC_MSGSEND = YES;
				ENABLE_USER_SCRIPT_SANDBOXING = YES;
				GCC_C_LANGUAGE_STANDARD = gnu17;
				GCC_NO_COMMON_BLOCKS = YES;
				GCC_WARN_64_TO_32_BIT_CONVERSION = YES;
				GCC_WARN_ABOUT_RETURN_TYPE = YES_ERROR;
				GCC_WARN_UNDECLARED_SELECTOR = YES;
				GCC_WARN_UNINITIALIZED_AUTOS = YES_AGGRESSIVE;
				GCC_WARN_UNUSED_FUNCTION = YES;
				GCC_WARN_UNUSED_VARIABLE = YES;
				IPHONEOS_DEPLOYMENT_TARGET = 18.2;
				LOCALIZATION_PREFERS_STRING_CATALOGS = YES;
				MTL_ENABLE_DEBUG_INFO = NO;
				MTL_FAST_MATH = YES;
				SDKROOT = iphoneos;
				SWIFT_COMPILATION_MODE = wholemodule;
				VALIDATE_PRODUCT = YES;
			};
			name = Release;
		};
		D88B801F2D92041000FCBADA /* Debug */ = {
			isa = XCBuildConfiguration;
			buildSettings = {
				ASSETCATALOG_COMPILER_APPICON_NAME = AppIcon;
				ASSETCATALOG_COMPILER_GLOBAL_ACCENT_COLOR_NAME = AccentColor;
				CODE_SIGN_STYLE = Automatic;
				CURRENT_PROJECT_VERSION = 1;
				DEVELOPMENT_ASSET_PATHS = "\"CSE335Project/Preview Content\"";
				ENABLE_PREVIEWS = YES;
				GENERATE_INFOPLIST_FILE = YES;
				INFOPLIST_KEY_UIApplicationSceneManifest_Generation = YES;
				INFOPLIST_KEY_UIApplicationSupportsIndirectInputEvents = YES;
				INFOPLIST_KEY_UILaunchScreen_Generation = YES;
				INFOPLIST_KEY_UISupportedInterfaceOrientations_iPad = "UIInterfaceOrientationPortrait UIInterfaceOrientationPortraitUpsideDown UIInterfaceOrientationLandscapeLeft UIInterfaceOrientationLandscapeRight";
				INFOPLIST_KEY_UISupportedInterfaceOrientations_iPhone = "UIInterfaceOrientationPortrait UIInterfaceOrientationLandscapeLeft UIInterfaceOrientationLandscapeRight";
				LD_RUNPATH_SEARCH_PATHS = (
					"$(inherited)",
					"@executable_path/Frameworks",
				);
				MARKETING_VERSION = 1.0;
				PRODUCT_BUNDLE_IDENTIFIER = com.rushil.CSE335Project;
				PRODUCT_NAME = "$(TARGET_NAME)";
				SWIFT_EMIT_LOC_STRINGS = YES;
				SWIFT_VERSION = 5.0;
				TARGETED_DEVICE_FAMILY = "1,2";
			};
			name = Debug;
		};
		D88B80202D92041000FCBADA /* Release */ = {
			isa = XCBuildConfiguration;
			buildSettings = {
				ASSETCATALOG_COMPILER_APPICON_NAME = AppIcon;
				ASSETCATALOG_COMPILER_GLOBAL_ACCENT_COLOR_NAME = AccentColor;
				CODE_SIGN_STYLE = Automatic;
				CURRENT_PROJECT_VERSION = 1;
				DEVELOPMENT_ASSET_PATHS = "\"CSE335Project/Preview Content\"";
				ENABLE_PREVIEWS = YES;
				GENERATE_INFOPLIST_FILE = YES;
				INFOPLIST_KEY_UIApplicationSceneManifest_Generation = YES;
				INFOPLIST_KEY_UIApplicationSupportsIndirectInputEvents = YES;
				INFOPLIST_KEY_UILaunchScreen_Generation = YES;
				INFOPLIST_KEY_UISupportedInterfaceOrientations_iPad = "UIInterfaceOrientationPortrait UIInterfaceOrientationPortraitUpsideDown UIInterfaceOrientationLandscapeLeft UIInterfaceOrientationLandscapeRight";
				INFOPLIST_KEY_UISupportedInterfaceOrientations_iPhone = "UIInterfaceOrientationPortrait UIInterfaceOrientationLandscapeLeft UIInterfaceOrientationLandscapeRight";
				LD_RUNPATH_SEARCH_PATHS = (
					"$(inherited)",
					"@executable_path/Frameworks",
				);
				MARKETING_VERSION = 1.0;
				PRODUCT_BUNDLE_IDENTIFIER = com.rushil.CSE335Project;
				PRODUCT_NAME = "$(TARGET_NAME)";
				SWIFT_EMIT_LOC_STRINGS = YES;
				SWIFT_VERSION = 5.0;
				TARGETED_DEVICE_FAMILY = "1,2";
			};
			name = Release;
		};
		D88B80222D92041000FCBADA /* Debug */ = {
			isa = XCBuildConfiguration;
			buildSettings = {
				BUNDLE_LOADER = "$(TEST_HOST)";
				CODE_SIGN_STYLE = Automatic;
				CURRENT_PROJECT_VERSION = 1;
				GENERATE_INFOPLIST_FILE = YES;
				IPHONEOS_DEPLOYMENT_TARGET = 18.2;
				MARKETING_VERSION = 1.0;
				PRODUCT_BUNDLE_IDENTIFIER = com.rushil.CSE335ProjectTests;
				PRODUCT_NAME = "$(TARGET_NAME)";
				SWIFT_EMIT_LOC_STRINGS = NO;
				SWIFT_VERSION = 5.0;
				TARGETED_DEVICE_FAMILY = "1,2";
				TEST_HOST = "$(BUILT_PRODUCTS_DIR)/CSE335Project.app/$(BUNDLE_EXECUTABLE_FOLDER_PATH)/CSE335Project";
			};
			name = Debug;
		};
		D88B80232D92041000FCBADA /* Release */ = {
			isa = XCBuildConfiguration;
			buildSettings = {
				BUNDLE_LOADER = "$(TEST_HOST)";
				CODE_SIGN_STYLE = Automatic;
				CURRENT_PROJECT_VERSION = 1;
				GENERATE_INFOPLIST_FILE = YES;
				IPHONEOS_DEPLOYMENT_TARGET = 18.2;
				MARKETING_VERSION = 1.0;
				PRODUCT_BUNDLE_IDENTIFIER = com.rushil.CSE335ProjectTests;
				PRODUCT_NAME = "$(TARGET_NAME)";
				SWIFT_EMIT_LOC_STRINGS = NO;
				SWIFT_VERSION = 5.0;
				TARGETED_DEVICE_FAMILY = "1,2";
				TEST_HOST = "$(BUILT_PRODUCTS_DIR)/CSE335Project.app/$(BUNDLE_EXECUTABLE_FOLDER_PATH)/CSE335Project";
			};
			name = Release;
		};
		D88B80252D92041000FCBADA /* Debug */ = {
			isa = XCBuildConfiguration;
			buildSettings = {
				CODE_SIGN_STYLE = Automatic;
				CURRENT_PROJECT_VERSION = 1;
				GENERATE_INFOPLIST_FILE = YES;
				MARKETING_VERSION = 1.0;
				PRODUCT_BUNDLE_IDENTIFIER = com.rushil.CSE335ProjectUITests;
				PRODUCT_NAME = "$(TARGET_NAME)";
				SWIFT_EMIT_LOC_STRINGS = NO;
				SWIFT_VERSION = 5.0;
				TARGETED_DEVICE_FAMILY = "1,2";
				TEST_TARGET_NAME = CSE335Project;
			};
			name = Debug;
		};
		D88B80262D92041000FCBADA /* Release */ = {
			isa = XCBuildConfiguration;
			buildSettings = {
				CODE_SIGN_STYLE = Automatic;
				CURRENT_PROJECT_VERSION = 1;
				GENERATE_INFOPLIST_FILE = YES;
				MARKETING_VERSION = 1.0;
				PRODUCT_BUNDLE_IDENTIFIER = com.rushil.CSE335ProjectUITests;
				PRODUCT_NAME = "$(TARGET_NAME)";
				SWIFT_EMIT_LOC_STRINGS = NO;
				SWIFT_VERSION = 5.0;
				TARGETED_DEVICE_FAMILY = "1,2";
				TEST_TARGET_NAME = CSE335Project;
			};
			name = Release;
		};
/* End XCBuildConfiguration section */

/* Begin XCConfigurationList section */
		D88B7FF52D92040F00FCBADA /* Build configuration list for PBXProject "CSE335Project" */ = {
			isa = XCConfigurationList;
			buildConfigurations = (
				D88B801C2D92041000FCBADA /* Debug */,
				D88B801D2D92041000FCBADA /* Release */,
			);
			defaultConfigurationIsVisible = 0;
			defaultConfigurationName = Release;
		};
		D88B801E2D92041000FCBADA /* Build configuration list for PBXNativeTarget "CSE335Project" */ = {
			isa = XCConfigurationList;
			buildConfigurations = (
				D88B801F2D92041000FCBADA /* Debug */,
				D88B80202D92041000FCBADA /* Release */,
			);
			defaultConfigurationIsVisible = 0;
			defaultConfigurationName = Release;
		};
		D88B80212D92041000FCBADA /* Build configuration list for PBXNativeTarget "CSE335ProjectTests" */ = {
			isa = XCConfigurationList;
			buildConfigurations = (
				D88B80222D92041000FCBADA /* Debug */,
				D88B80232D92041000FCBADA /* Release */,
			);
			defaultConfigurationIsVisible = 0;
			defaultConfigurationName = Release;
		};
		D88B80242D92041000FCBADA /* Build configuration list for PBXNativeTarget "CSE335ProjectUITests" */ = {
			isa = XCConfigurationList;
			buildConfigurations = (
				D88B80252D92041000FCBADA /* Debug */,
				D88B80262D92041000FCBADA /* Release */,
			);
			defaultConfigurationIsVisible = 0;
			defaultConfigurationName = Release;
		};
/* End XCConfigurationList section */
	};
	rootObject = D88B7FF22D92040F00FCBADA /* Project object */;
}
